
Microsoft Visual Studio Solution File, Format Version 12.00
# Visual Studio Version 16
VisualStudioVersion = 16.0.32510.428
MinimumVisualStudioVersion = 10.0.40219.1
Project("{FAE04EC0-301F-11D3-BF4B-00C04F79EFBC}") = "AppMail", "AppMail\AppMail.csproj", "{14E13169-826B-4134-96A2-FC3A44070027}"
EndProject
Global
	GlobalSection(SolutionConfigurationPlatforms) = preSolution
		Debug|Any CPU = Debug|Any CPU
		Release|Any CPU = Release|Any CPU
	EndGlobalSection
	GlobalSection(ProjectConfigurationPlatforms) = postSolution
		{14E13169-826B-4134-96A2-FC3A44070027}.Debug|Any CPU.ActiveCfg = Debug|Any CPU
		{14E13169-826B-4134-96A2-FC3A44070027}.Debug|Any CPU.Build.0 = Debug|Any CPU
		{14E13169-826B-4134-96A2-FC3A44070027}.Release|Any CPU.ActiveCfg = Release|Any CPU
		{14E13169-826B-4134-96A2-FC3A44070027}.Release|Any CPU.Build.0 = Release|Any CPU
	EndGlobalSection
	GlobalSection(SolutionProperties) = preSolution
		HideSolutionNode = FALSE
	EndGlobalSection
	GlobalSection(ExtensibilityGlobals) = postSolution
		SolutionGuid = {B515F043-D1C0-4D92-9764-003949DF51A6}
	EndGlobalSection
EndGlobal
